// !$*UTF8*$!
{
	archiveVersion = 1;
	classes = {
	};
	objectVersion = 48;
	objects = {

/* Begin PBXBuildFile section */
		047792761F8CF73B00DB5D85 /* AppDelegate.m in Sources */ = {isa = PBXBuildFile; fileRef = 047792751F8CF73B00DB5D85 /* AppDelegate.m */; };
		047792791F8CF73B00DB5D85 /* ViewController.m in Sources */ = {isa = PBXBuildFile; fileRef = 047792781F8CF73B00DB5D85 /* ViewController.m */; };
		0477927C1F8CF73B00DB5D85 /* Main.storyboard in Resources */ = {isa = PBXBuildFile; fileRef = 0477927A1F8CF73B00DB5D85 /* Main.storyboard */; };
		0477927E1F8CF73B00DB5D85 /* Assets.xcassets in Resources */ = {isa = PBXBuildFile; fileRef = 0477927D1F8CF73B00DB5D85 /* Assets.xcassets */; };
		047792811F8CF73B00DB5D85 /* LaunchScreen.storyboard in Resources */ = {isa = PBXBuildFile; fileRef = 0477927F1F8CF73B00DB5D85 /* LaunchScreen.storyboard */; };
		047792841F8CF73B00DB5D85 /* main.m in Sources */ = {isa = PBXBuildFile; fileRef = 047792831F8CF73B00DB5D85 /* main.m */; };
		0477928E1F8CF73B00DB5D85 /* LOLHeroTests.m in Sources */ = {isa = PBXBuildFile; fileRef = 0477928D1F8CF73B00DB5D85 /* LOLHeroTests.m */; };
		047792991F8CF73B00DB5D85 /* LOLHeroUITests.m in Sources */ = {isa = PBXBuildFile; fileRef = 047792981F8CF73B00DB5D85 /* LOLHeroUITests.m */; };
		047792A71F8CF7A300DB5D85 /* herolist.plist in Resources */ = {isa = PBXBuildFile; fileRef = 047792A61F8CF7A300DB5D85 /* herolist.plist */; };
		047792AA1F8CFA3600DB5D85 /* CLHero.m in Sources */ = {isa = PBXBuildFile; fileRef = 047792A91F8CFA3600DB5D85 /* CLHero.m */; };
/* End PBXBuildFile section */

/* Begin PBXContainerItemProxy section */
		0477928A1F8CF73B00DB5D85 /* PBXContainerItemProxy */ = {
			isa = PBXContainerItemProxy;
			containerPortal = 047792691F8CF73B00DB5D85 /* Project object */;
			proxyType = 1;
			remoteGlobalIDString = 047792701F8CF73B00DB5D85;
			remoteInfo = LOLHero;
		};
		047792951F8CF73B00DB5D85 /* PBXContainerItemProxy */ = {
			isa = PBXContainerItemProxy;
			containerPortal = 047792691F8CF73B00DB5D85 /* Project object */;
			proxyType = 1;
			remoteGlobalIDString = 047792701F8CF73B00DB5D85;
			remoteInfo = LOLHero;
		};
/* End PBXContainerItemProxy section */

/* Begin PBXFileReference section */
		047792711F8CF73B00DB5D85 /* LOLHero.app */ = {isa = PBXFileReference; explicitFileType = wrapper.application; includeInIndex = 0; path = LOLHero.app; sourceTree = BUILT_PRODUCTS_DIR; };
		047792741F8CF73B00DB5D85 /* AppDelegate.h */ = {isa = PBXFileReference; lastKnownFileType = sourcecode.c.h; path = AppDelegate.h; sourceTree = "<group>"; };
		047792751F8CF73B00DB5D85 /* AppDelegate.m */ = {isa = PBXFileReference; lastKnownFileType = sourcecode.c.objc; path = AppDelegate.m; sourceTree = "<group>"; };
		047792771F8CF73B00DB5D85 /* ViewController.h */ = {isa = PBXFileReference; lastKnownFileType = sourcecode.c.h; path = ViewController.h; sourceTree = "<group>"; };
		047792781F8CF73B00DB5D85 /* ViewController.m */ = {isa = PBXFileReference; lastKnownFileType = sourcecode.c.objc; path = ViewController.m; sourceTree = "<group>"; };
		0477927B1F8CF73B00DB5D85 /* Base */ = {isa = PBXFileReference; lastKnownFileType = file.storyboard; name = Base; path = Base.lproj/Main.storyboard; sourceTree = "<group>"; };
		0477927D1F8CF73B00DB5D85 /* Assets.xcassets */ = {isa = PBXFileReference; lastKnownFileType = folder.assetcatalog; path = Assets.xcassets; sourceTree = "<group>"; };
		047792801F8CF73B00DB5D85 /* Base */ = {isa = PBXFileReference; lastKnownFileType = file.storyboard; name = Base; path = Base.lproj/LaunchScreen.storyboard; sourceTree = "<group>"; };
		047792821F8CF73B00DB5D85 /* Info.plist */ = {isa = PBXFileReference; lastKnownFileType = text.plist.xml; path = Info.plist; sourceTree = "<group>"; };
		047792831F8CF73B00DB5D85 /* main.m */ = {isa = PBXFileReference; lastKnownFileType = sourcecode.c.objc; path = main.m; sourceTree = "<group>"; };
		047792891F8CF73B00DB5D85 /* LOLHeroTests.xctest */ = {isa = PBXFileReference; explicitFileType = wrapper.cfbundle; includeInIndex = 0; path = LOLHeroTests.xctest; sourceTree = BUILT_PRODUCTS_DIR; };
		0477928D1F8CF73B00DB5D85 /* LOLHeroTests.m */ = {isa = PBXFileReference; lastKnownFileType = sourcecode.c.objc; path = LOLHeroTests.m; sourceTree = "<group>"; };
		0477928F1F8CF73B00DB5D85 /* Info.plist */ = {isa = PBXFileReference; lastKnownFileType = text.plist.xml; path = Info.plist; sourceTree = "<group>"; };
		047792941F8CF73B00DB5D85 /* LOLHeroUITests.xctest */ = {isa = PBXFileReference; explicitFileType = wrapper.cfbundle; includeInIndex = 0; path = LOLHeroUITests.xctest; sourceTree = BUILT_PRODUCTS_DIR; };
		047792981F8CF73B00DB5D85 /* LOLHeroUITests.m */ = {isa = PBXFileReference; lastKnownFileType = sourcecode.c.objc; path = LOLHeroUITests.m; sourceTree = "<group>"; };
		0477929A1F8CF73B00DB5D85 /* Info.plist */ = {isa = PBXFileReference; lastKnownFileType = text.plist.xml; path = Info.plist; sourceTree = "<group>"; };
		047792A61F8CF7A300DB5D85 /* herolist.plist */ = {isa = PBXFileReference; lastKnownFileType = text.plist.xml; path = herolist.plist; sourceTree = "<group>"; };
		047792A81F8CFA3600DB5D85 /* CLHero.h */ = {isa = PBXFileReference; lastKnownFileType = sourcecode.c.h; path = CLHero.h; sourceTree = "<group>"; };
		047792A91F8CFA3600DB5D85 /* CLHero.m */ = {isa = PBXFileReference; lastKnownFileType = sourcecode.c.objc; path = CLHero.m; sourceTree = "<group>"; };
/* End PBXFileReference section */

/* Begin PBXFrameworksBuildPhase section */
		0477926E1F8CF73B00DB5D85 /* Frameworks */ = {
			isa = PBXFrameworksBuildPhase;
			buildActionMask = 2147483647;
			files = (
			);
			runOnlyForDeploymentPostprocessing = 0;
		};
		047792861F8CF73B00DB5D85 /* Frameworks */ = {
			isa = PBXFrameworksBuildPhase;
			buildActionMask = 2147483647;
			files = (
			);
			runOnlyForDeploymentPostprocessing = 0;
		};
		047792911F8CF73B00DB5D85 /* Frameworks */ = {
			isa = PBXFrameworksBuildPhase;
			buildActionMask = 2147483647;
			files = (
			);
			runOnlyForDeploymentPostprocessing = 0;
		};
/* End PBXFrameworksBuildPhase section */

/* Begin PBXGroup section */
		047792681F8CF73B00DB5D85 = {
			isa = PBXGroup;
			children = (
				047792731F8CF73B00DB5D85 /* LOLHero */,
				0477928C1F8CF73B00DB5D85 /* LOLHeroTests */,
				047792971F8CF73B00DB5D85 /* LOLHeroUITests */,
				047792721F8CF73B00DB5D85 /* Products */,
			);
			sourceTree = "<group>";
		};
		047792721F8CF73B00DB5D85 /* Products */ = {
			isa = PBXGroup;
			children = (
				047792711F8CF73B00DB5D85 /* LOLHero.app */,
				047792891F8CF73B00DB5D85 /* LOLHeroTests.xctest */,
				047792941F8CF73B00DB5D85 /* LOLHeroUITests.xctest */,
			);
			name = Products;
			sourceTree = "<group>";
		};
		047792731F8CF73B00DB5D85 /* LOLHero */ = {
			isa = PBXGroup;
			children = (
				047792741F8CF73B00DB5D85 /* AppDelegate.h */,
				047792751F8CF73B00DB5D85 /* AppDelegate.m */,
				047792771F8CF73B00DB5D85 /* ViewController.h */,
				047792781F8CF73B00DB5D85 /* ViewController.m */,
				0477927A1F8CF73B00DB5D85 /* Main.storyboard */,
				0477927D1F8CF73B00DB5D85 /* Assets.xcassets */,
				0477927F1F8CF73B00DB5D85 /* LaunchScreen.storyboard */,
				047792821F8CF73B00DB5D85 /* Info.plist */,
				047792831F8CF73B00DB5D85 /* main.m */,
				047792A61F8CF7A300DB5D85 /* herolist.plist */,
				047792A81F8CFA3600DB5D85 /* CLHero.h */,
				047792A91F8CFA3600DB5D85 /* CLHero.m */,
			);
			path = LOLHero;
			sourceTree = "<group>";
		};
		0477928C1F8CF73B00DB5D85 /* LOLHeroTests */ = {
			isa = PBXGroup;
			children = (
				0477928D1F8CF73B00DB5D85 /* LOLHeroTests.m */,
				0477928F1F8CF73B00DB5D85 /* Info.plist */,
			);
			path = LOLHeroTests;
			sourceTree = "<group>";
		};
		047792971F8CF73B00DB5D85 /* LOLHeroUITests */ = {
			isa = PBXGroup;
			children = (
				047792981F8CF73B00DB5D85 /* LOLHeroUITests.m */,
				0477929A1F8CF73B00DB5D85 /* Info.plist */,
			);
			path = LOLHeroUITests;
			sourceTree = "<group>";
		};
/* End PBXGroup section */

/* Begin PBXNativeTarget section */
		047792701F8CF73B00DB5D85 /* LOLHero */ = {
			isa = PBXNativeTarget;
			buildConfigurationList = 0477929D1F8CF73B00DB5D85 /* Build configuration list for PBXNativeTarget "LOLHero" */;
			buildPhases = (
				0477926D1F8CF73B00DB5D85 /* Sources */,
				0477926E1F8CF73B00DB5D85 /* Frameworks */,
				0477926F1F8CF73B00DB5D85 /* Resources */,
			);
			buildRules = (
			);
			dependencies = (
			);
			name = LOLHero;
			productName = LOLHero;
			productReference = 047792711F8CF73B00DB5D85 /* LOLHero.app */;
			productType = "com.apple.product-type.application";
		};
		047792881F8CF73B00DB5D85 /* LOLHeroTests */ = {
			isa = PBXNativeTarget;
			buildConfigurationList = 047792A01F8CF73B00DB5D85 /* Build configuration list for PBXNativeTarget "LOLHeroTests" */;
			buildPhases = (
				047792851F8CF73B00DB5D85 /* Sources */,
				047792861F8CF73B00DB5D85 /* Frameworks */,
				047792871F8CF73B00DB5D85 /* Resources */,
			);
			buildRules = (
			);
			dependencies = (
				0477928B1F8CF73B00DB5D85 /* PBXTargetDependency */,
			);
			name = LOLHeroTests;
			productName = LOLHeroTests;
			productReference = 047792891F8CF73B00DB5D85 /* LOLHeroTests.xctest */;
			productType = "com.apple.product-type.bundle.unit-test";
		};
		047792931F8CF73B00DB5D85 /* LOLHeroUITests */ = {
			isa = PBXNativeTarget;
			buildConfigurationList = 047792A31F8CF73B00DB5D85 /* Build configuration list for PBXNativeTarget "LOLHeroUITests" */;
			buildPhases = (
				047792901F8CF73B00DB5D85 /* Sources */,
				047792911F8CF73B00DB5D85 /* Frameworks */,
				047792921F8CF73B00DB5D85 /* Resources */,
			);
			buildRules = (
			);
			dependencies = (
				047792961F8CF73B00DB5D85 /* PBXTargetDependency */,
			);
			name = LOLHeroUITests;
			productName = LOLHeroUITests;
			productReference = 047792941F8CF73B00DB5D85 /* LOLHeroUITests.xctest */;
			productType = "com.apple.product-type.bundle.ui-testing";
		};
/* End PBXNativeTarget section */

/* Begin PBXProject section */
		047792691F8CF73B00DB5D85 /* Project object */ = {
			isa = PBXProject;
			attributes = {
				LastUpgradeCheck = 0900;
				ORGANIZATIONNAME = LongCh;
				TargetAttributes = {
					047792701F8CF73B00DB5D85 = {
						CreatedOnToolsVersion = 9.0;
						ProvisioningStyle = Automatic;
					};
					047792881F8CF73B00DB5D85 = {
						CreatedOnToolsVersion = 9.0;
						ProvisioningStyle = Automatic;
						TestTargetID = 047792701F8CF73B00DB5D85;
					};
					047792931F8CF73B00DB5D85 = {
						CreatedOnToolsVersion = 9.0;
						ProvisioningStyle = Automatic;
						TestTargetID = 047792701F8CF73B00DB5D85;
					};
				};
			};
			buildConfigurationList = 0477926C1F8CF73B00DB5D85 /* Build configuration list for PBXProject "LOLHero" */;
			compatibilityVersion = "Xcode 8.0";
			developmentRegion = en;
			hasScannedForEncodings = 0;
			knownRegions = (
				en,
				Base,
			);
			mainGroup = 047792681F8CF73B00DB5D85;
			productRefGroup = 047792721F8CF73B00DB5D85 /* Products */;
			projectDirPath = "";
			projectRoot = "";
			targets = (
				047792701F8CF73B00DB5D85 /* LOLHero */,
				047792881F8CF73B00DB5D85 /* LOLHeroTests */,
				047792931F8CF73B00DB5D85 /* LOLHeroUITests */,
			);
		};
/* End PBXProject section */

/* Begin PBXResourcesBuildPhase section */
		0477926F1F8CF73B00DB5D85 /* Resources */ = {
			isa = PBXResourcesBuildPhase;
			buildActionMask = 2147483647;
			files = (
				047792811F8CF73B00DB5D85 /* LaunchScreen.storyboard in Resources */,
				0477927E1F8CF73B00DB5D85 /* Assets.xcassets in Resources */,
				047792A71F8CF7A300DB5D85 /* herolist.plist in Resources */,
				0477927C1F8CF73B00DB5D85 /* Main.storyboard in Resources */,
			);
			runOnlyForDeploymentPostprocessing = 0;
		};
		047792871F8CF73B00DB5D85 /* Resources */ = {
			isa = PBXResourcesBuildPhase;
			buildActionMask = 2147483647;
			files = (
			);
			runOnlyForDeploymentPostprocessing = 0;
		};
		047792921F8CF73B00DB5D85 /* Resources */ = {
			isa = PBXResourcesBuildPhase;
			buildActionMask = 2147483647;
			files = (
			);
			runOnlyForDeploymentPostprocessing = 0;
		};
/* End PBXResourcesBuildPhase section */

/* Begin PBXSourcesBuildPhase section */
		0477926D1F8CF73B00DB5D85 /* Sources */ = {
			isa = PBXSourcesBuildPhase;
			buildActionMask = 2147483647;
			files = (
				047792AA1F8CFA3600DB5D85 /* CLHero.m in Sources */,
				047792791F8CF73B00DB5D85 /* ViewController.m in Sources */,
				047792841F8CF73B00DB5D85 /* main.m in Sources */,
				047792761F8CF73B00DB5D85 /* AppDelegate.m in Sources */,
			);
			runOnlyForDeploymentPostprocessing = 0;
		};
		047792851F8CF73B00DB5D85 /* Sources */ = {
			isa = PBXSourcesBuildPhase;
			buildActionMask = 2147483647;
			files = (
				0477928E1F8CF73B00DB5D85 /* LOLHeroTests.m in Sources */,
			);
			runOnlyForDeploymentPostprocessing = 0;
		};
		047792901F8CF73B00DB5D85 /* Sources */ = {
			isa = PBXSourcesBuildPhase;
			buildActionMask = 2147483647;
			files = (
				047792991F8CF73B00DB5D85 /* LOLHeroUITests.m in Sources */,
			);
			runOnlyForDeploymentPostprocessing = 0;
		};
/* End PBXSourcesBuildPhase section */

/* Begin PBXTargetDependency section */
		0477928B1F8CF73B00DB5D85 /* PBXTargetDependency */ = {
			isa = PBXTargetDependency;
			target = 047792701F8CF73B00DB5D85 /* LOLHero */;
			targetProxy = 0477928A1F8CF73B00DB5D85 /* PBXContainerItemProxy */;
		};
		047792961F8CF73B00DB5D85 /* PBXTargetDependency */ = {
			isa = PBXTargetDependency;
			target = 047792701F8CF73B00DB5D85 /* LOLHero */;
			targetProxy = 047792951F8CF73B00DB5D85 /* PBXContainerItemProxy */;
		};
/* End PBXTargetDependency section */

/* Begin PBXVariantGroup section */
		0477927A1F8CF73B00DB5D85 /* Main.storyboard */ = {
			isa = PBXVariantGroup;
			children = (
				0477927B1F8CF73B00DB5D85 /* Base */,
			);
			name = Main.storyboard;
			sourceTree = "<group>";
		};
		0477927F1F8CF73B00DB5D85 /* LaunchScreen.storyboard */ = {
			isa = PBXVariantGroup;
			children = (
				047792801F8CF73B00DB5D85 /* Base */,
			);
			name = LaunchScreen.storyboard;
			sourceTree = "<group>";
		};
/* End PBXVariantGroup section */

/* Begin XCBuildConfiguration section */
		0477929B1F8CF73B00DB5D85 /* Debug */ = {
			isa = XCBuildConfiguration;
			buildSettings = {
				ALWAYS_SEARCH_USER_PATHS = NO;
				CLANG_ANALYZER_NONNULL = YES;
				CLANG_ANALYZER_NUMBER_OBJECT_CONVERSION = YES_AGGRESSIVE;
				CLANG_CXX_LANGUAGE_STANDARD = "gnu++14";
				CLANG_CXX_LIBRARY = "libc++";
				CLANG_ENABLE_MODULES = YES;
				CLANG_ENABLE_OBJC_ARC = YES;
				CLANG_WARN_BLOCK_CAPTURE_AUTORELEASING = YES;
				CLANG_WARN_BOOL_CONVERSION = YES;
				CLANG_WARN_COMMA = YES;
				CLANG_WARN_CONSTANT_CONVERSION = YES;
				CLANG_WARN_DIRECT_OBJC_ISA_USAGE = YES_ERROR;
				CLANG_WARN_DOCUMENTATION_COMMENTS = YES;
				CLANG_WARN_EMPTY_BODY = YES;
				CLANG_WARN_ENUM_CONVERSION = YES;
				CLANG_WARN_INFINITE_RECURSION = YES;
				CLANG_WARN_INT_CONVERSION = YES;
				CLANG_WARN_NON_LITERAL_NULL_CONVERSION = YES;
				CLANG_WARN_OBJC_LITERAL_CONVERSION = YES;
				CLANG_WARN_OBJC_ROOT_CLASS = YES_ERROR;
				CLANG_WARN_RANGE_LOOP_ANALYSIS = YES;
				CLANG_WARN_STRICT_PROTOTYPES = YES;
				CLANG_WARN_SUSPICIOUS_MOVE = YES;
				CLANG_WARN_UNGUARDED_AVAILABILITY = YES_AGGRESSIVE;
				CLANG_WARN_UNREACHABLE_CODE = YES;
				CLANG_WARN__DUPLICATE_METHOD_MATCH = YES;
				CODE_SIGN_IDENTITY = "iPhone Developer";
				COPY_PHASE_STRIP = NO;
				DEBUG_INFORMATION_FORMAT = dwarf;
				ENABLE_STRICT_OBJC_MSGSEND = YES;
				ENABLE_TESTABILITY = YES;
				GCC_C_LANGUAGE_STANDARD = gnu11;
				GCC_DYNAMIC_NO_PIC = NO;
				GCC_NO_COMMON_BLOCKS = YES;
				GCC_OPTIMIZATION_LEVEL = 0;
				GCC_PREPROCESSOR_DEFINITIONS = (
					"DEBUG=1",
					"$(inherited)",
				);
				GCC_WARN_64_TO_32_BIT_CONVERSION = YES;
				GCC_WARN_ABOUT_RETURN_TYPE = YES_ERROR;
				GCC_WARN_UNDECLARED_SELECTOR = YES;
				GCC_WARN_UNINITIALIZED_AUTOS = YES_AGGRESSIVE;
				GCC_WARN_UNUSED_FUNCTION = YES;
				GCC_WARN_UNUSED_VARIABLE = YES;
				IPHONEOS_DEPLOYMENT_TARGET = 11.0;
				MTL_ENABLE_DEBUG_INFO = YES;
				ONLY_ACTIVE_ARCH = YES;
				SDKROOT = iphoneos;
			};
			name = Debug;
		};
		0477929C1F8CF73B00DB5D85 /* Release */ = {
			isa = XCBuildConfiguration;
			buildSettings = {
				ALWAYS_SEARCH_USER_PATHS = NO;
				CLANG_ANALYZER_NONNULL = YES;
				CLANG_ANALYZER_NUMBER_OBJECT_CONVERSION = YES_AGGRESSIVE;
				CLANG_CXX_LANGUAGE_STANDARD = "gnu++14";
				CLANG_CXX_LIBRARY = "libc++";
				CLANG_ENABLE_MODULES = YES;
				CLANG_ENABLE_OBJC_ARC = YES;
				CLANG_WARN_BLOCK_CAPTURE_AUTORELEASING = YES;
				CLANG_WARN_BOOL_CONVERSION = YES;
				CLANG_WARN_COMMA = YES;
				CLANG_WARN_CONSTANT_CONVERSION = YES;
				CLANG_WARN_DIRECT_OBJC_ISA_USAGE = YES_ERROR;
				CLANG_WARN_DOCUMENTATION_COMMENTS = YES;
				CLANG_WARN_EMPTY_BODY = YES;
				CLANG_WARN_ENUM_CONVERSION = YES;
				CLANG_WARN_INFINITE_RECURSION = YES;
				CLANG_WARN_INT_CONVERSION = YES;
				CLANG_WARN_NON_LITERAL_NULL_CONVERSION = YES;
				CLANG_WARN_OBJC_LITERAL_CONVERSION = YES;
				CLANG_WARN_OBJC_ROOT_CLASS = YES_ERROR;
				CLANG_WARN_RANGE_LOOP_ANALYSIS = YES;
				CLANG_WARN_STRICT_PROTOTYPES = YES;
				CLANG_WARN_SUSPICIOUS_MOVE = YES;
				CLANG_WARN_UNGUARDED_AVAILABILITY = YES_AGGRESSIVE;
				CLANG_WARN_UNREACHABLE_CODE = YES;
				CLANG_WARN__DUPLICATE_METHOD_MATCH = YES;
				CODE_SIGN_IDENTITY = "iPhone Developer";
				COPY_PHASE_STRIP = NO;
				DEBUG_INFORMATION_FORMAT = "dwarf-with-dsym";
				ENABLE_NS_ASSERTIONS = NO;
				ENABLE_STRICT_OBJC_MSGSEND = YES;
				GCC_C_LANGUAGE_STANDARD = gnu11;
				GCC_NO_COMMON_BLOCKS = YES;
				GCC_WARN_64_TO_32_BIT_CONVERSION = YES;
				GCC_WARN_ABOUT_RETURN_TYPE = YES_ERROR;
				GCC_WARN_UNDECLARED_SELECTOR = YES;
				GCC_WARN_UNINITIALIZED_AUTOS = YES_AGGRESSIVE;
				GCC_WARN_UNUSED_FUNCTION = YES;
				GCC_WARN_UNUSED_VARIABLE = YES;
				IPHONEOS_DEPLOYMENT_TARGET = 11.0;
				MTL_ENABLE_DEBUG_INFO = NO;
				SDKROOT = iphoneos;
				VALIDATE_PRODUCT = YES;
			};
			name = Release;
		};
		0477929E1F8CF73B00DB5D85 /* Debug */ = {
			isa = XCBuildConfiguration;
			buildSettings = {
				ASSETCATALOG_COMPILER_APPICON_NAME = AppIcon;
				CODE_SIGN_STYLE = Automatic;
				INFOPLIST_FILE = LOLHero/Info.plist;
				LD_RUNPATH_SEARCH_PATHS = "$(inherited) @executable_path/Frameworks";
				PRODUCT_BUNDLE_IDENTIFIER = longC.LOLHero;
				PRODUCT_NAME = "$(TARGET_NAME)";
				TARGETED_DEVICE_FAMILY = "1,2";
			};
			name = Debug;
		};
		0477929F1F8CF73B00DB5D85 /* Release */ = {
			isa = XCBuildConfiguration;
			buildSettings = {
				ASSETCATALOG_COMPILER_APPICON_NAME = AppIcon;
				CODE_SIGN_STYLE = Automatic;
				INFOPLIST_FILE = LOLHero/Info.plist;
				LD_RUNPATH_SEARCH_PATHS = "$(inherited) @executable_path/Frameworks";
				PRODUCT_BUNDLE_IDENTIFIER = longC.LOLHero;
				PRODUCT_NAME = "$(TARGET_NAME)";
				TARGETED_DEVICE_FAMILY = "1,2";
			};
			name = Release;
		};
		047792A11F8CF73B00DB5D85 /* Debug */ = {
			isa = XCBuildConfiguration;
			buildSettings = {
				BUNDLE_LOADER = "$(TEST_HOST)";
				CODE_SIGN_STYLE = Automatic;
				INFOPLIST_FILE = LOLHeroTests/Info.plist;
				LD_RUNPATH_SEARCH_PATHS = "$(inherited) @executable_path/Frameworks @loader_path/Frameworks";
				PRODUCT_BUNDLE_IDENTIFIER = longC.LOLHeroTests;
				PRODUCT_NAME = "$(TARGET_NAME)";
				TARGETED_DEVICE_FAMILY = "1,2";
				TEST_HOST = "$(BUILT_PRODUCTS_DIR)/LOLHero.app/LOLHero";
			};
			name = Debug;
		};
		047792A21F8CF73B00DB5D85 /* Release */ = {
			isa = XCBuildConfiguration;
			buildSettings = {
				BUNDLE_LOADER = "$(TEST_HOST)";
				CODE_SIGN_STYLE = Automatic;
				INFOPLIST_FILE = LOLHeroTests/Info.plist;
				LD_RUNPATH_SEARCH_PATHS = "$(inherited) @executable_path/Frameworks @loader_path/Frameworks";
				PRODUCT_BUNDLE_IDENTIFIER = longC.LOLHeroTests;
				PRODUCT_NAME = "$(TARGET_NAME)";
				TARGETED_DEVICE_FAMILY = "1,2";
				TEST_HOST = "$(BUILT_PRODUCTS_DIR)/LOLHero.app/LOLHero";
			};
			name = Release;
		};
		047792A41F8CF73B00DB5D85 /* Debug */ = {
			isa = XCBuildConfiguration;
			buildSettings = {
				CODE_SIGN_STYLE = Automatic;
				INFOPLIST_FILE = LOLHeroUITests/Info.plist;
				LD_RUNPATH_SEARCH_PATHS = "$(inherited) @executable_path/Frameworks @loader_path/Frameworks";
				PRODUCT_BUNDLE_IDENTIFIER = longC.LOLHeroUITests;
				PRODUCT_NAME = "$(TARGET_NAME)";
				TARGETED_DEVICE_FAMILY = "1,2";
				TEST_TARGET_NAME = LOLHero;
			};
			name = Debug;
		};
		047792A51F8CF73B00DB5D85 /* Release */ = {
			isa = XCBuildConfiguration;
			buildSettings = {
				CODE_SIGN_STYLE = Automatic;
				INFOPLIST_FILE = LOLHeroUITests/Info.plist;
				LD_RUNPATH_SEARCH_PATHS = "$(inherited) @executable_path/Frameworks @loader_path/Frameworks";
				PRODUCT_BUNDLE_IDENTIFIER = longC.LOLHeroUITests;
				PRODUCT_NAME = "$(TARGET_NAME)";
				TARGETED_DEVICE_FAMILY = "1,2";
				TEST_TARGET_NAME = LOLHero;
			};
			name = Release;
		};
/* End XCBuildConfiguration section */

/* Begin XCConfigurationList section */
		0477926C1F8CF73B00DB5D85 /* Build configuration list for PBXProject "LOLHero" */ = {
			isa = XCConfigurationList;
			buildConfigurations = (
				0477929B1F8CF73B00DB5D85 /* Debug */,
				0477929C1F8CF73B00DB5D85 /* Release */,
			);
			defaultConfigurationIsVisible = 0;
			defaultConfigurationName = Release;
		};
		0477929D1F8CF73B00DB5D85 /* Build configuration list for PBXNativeTarget "LOLHero" */ = {
			isa = XCConfigurationList;
			buildConfigurations = (
				0477929E1F8CF73B00DB5D85 /* Debug */,
				0477929F1F8CF73B00DB5D85 /* Release */,
			);
			defaultConfigurationIsVisible = 0;
			defaultConfigurationName = Release;
		};
		047792A01F8CF73B00DB5D85 /* Build configuration list for PBXNativeTarget "LOLHeroTests" */ = {
			isa = XCConfigurationList;
			buildConfigurations = (
				047792A11F8CF73B00DB5D85 /* Debug */,
				047792A21F8CF73B00DB5D85 /* Release */,
			);
			defaultConfigurationIsVisible = 0;
			defaultConfigurationName = Release;
		};
		047792A31F8CF73B00DB5D85 /* Build configuration list for PBXNativeTarget "LOLHeroUITests" */ = {
			isa = XCConfigurationList;
			buildConfigurations = (
				047792A41F8CF73B00DB5D85 /* Debug */,
				047792A51F8CF73B00DB5D85 /* Release */,
			);
			defaultConfigurationIsVisible = 0;
			defaultConfigurationName = Release;
		};
/* End XCConfigurationList section */
	};
	rootObject = 047792691F8CF73B00DB5D85 /* Project object */;
}
